
Microsoft Visual Studio Solution File, Format Version 12.00
# Visual Studio Version 17
VisualStudioVersion = 17.6.33829.357
MinimumVisualStudioVersion = 10.0.40219.1
Project("{FAE04EC0-301F-11D3-BF4B-00C04F79EFBC}") = "TasksSytems", "TasksSytems\TasksSytems.csproj", "{5DE86E7B-640E-40BE-A42C-03028C6A8026}"
EndProject
Global
	GlobalSection(SolutionConfigurationPlatforms) = preSolution
		Debug|Any CPU = Debug|Any CPU
		Release|Any CPU = Release|Any CPU
	EndGlobalSection
	GlobalSection(ProjectConfigurationPlatforms) = postSolution
		{5DE86E7B-640E-40BE-A42C-03028C6A8026}.Debug|Any CPU.ActiveCfg = Debug|Any CPU
		{5DE86E7B-640E-40BE-A42C-03028C6A8026}.Debug|Any CPU.Build.0 = Debug|Any CPU
		{5DE86E7B-640E-40BE-A42C-03028C6A8026}.Release|Any CPU.ActiveCfg = Release|Any CPU
		{5DE86E7B-640E-40BE-A42C-03028C6A8026}.Release|Any CPU.Build.0 = Release|Any CPU
	EndGlobalSection
	GlobalSection(SolutionProperties) = preSolution
		HideSolutionNode = FALSE
	EndGlobalSection
	GlobalSection(ExtensibilityGlobals) = postSolution
		SolutionGuid = {F78177A5-DA76-4CD0-8651-B0E2D7553EC4}
	EndGlobalSection
EndGlobal
